
Microsoft Visual Studio Solution File, Format Version 12.00
# Visual Studio Version 17
VisualStudioVersion = 17.9.34622.214
MinimumVisualStudioVersion = 10.0.40219.1
Project("{FAE04EC0-301F-11D3-BF4B-00C04F79EFBC}") = "MVCProject_1280293", "MVCProject_1280293.csproj", "{36157162-9099-42FB-B4CD-E9AFE43C96F0}"
EndProject
Global
	GlobalSection(SolutionConfigurationPlatforms) = preSolution
		Debug|Any CPU = Debug|Any CPU
		Release|Any CPU = Release|Any CPU
	EndGlobalSection
	GlobalSection(ProjectConfigurationPlatforms) = postSolution
		{36157162-9099-42FB-B4CD-E9AFE43C96F0}.Debug|Any CPU.ActiveCfg = Debug|Any CPU
		{36157162-9099-42FB-B4CD-E9AFE43C96F0}.Debug|Any CPU.Build.0 = Debug|Any CPU
		{36157162-9099-42FB-B4CD-E9AFE43C96F0}.Release|Any CPU.ActiveCfg = Release|Any CPU
		{36157162-9099-42FB-B4CD-E9AFE43C96F0}.Release|Any CPU.Build.0 = Release|Any CPU
	EndGlobalSection
	GlobalSection(SolutionProperties) = preSolution
		HideSolutionNode = FALSE
	EndGlobalSection
	GlobalSection(ExtensibilityGlobals) = postSolution
		SolutionGuid = {15120FAB-273A-4637-88DD-E7B1B096DDE4}
	EndGlobalSection
EndGlobal
